
Microsoft Visual Studio Solution File, Format Version 12.00
# Visual Studio 2013
VisualStudioVersion = 12.0.21005.1
MinimumVisualStudioVersion = 10.0.40219.1
Project("{2150E333-8FDC-42A3-9474-1A3956D46DE8}") = "PresentationLayer", "PresentationLayer", "{F546058A-8295-4284-84A9-C158545EFEC8}"
EndProject
Project("{2150E333-8FDC-42A3-9474-1A3956D46DE8}") = "BusinessLogic", "BusinessLogic", "{93D86A19-DFE8-4F31-9EE4-84BA95796D8E}"
EndProject
Project("{2150E333-8FDC-42A3-9474-1A3956D46DE8}") = "DataLayer", "DataLayer", "{D7F65358-64EE-4A46-AF39-A91CF3169116}"
EndProject
Project("{2150E333-8FDC-42A3-9474-1A3956D46DE8}") = "Shared", "Shared", "{382164D3-0894-4A01-BD2A-3CE31C6051D5}"
EndProject
Project("{2150E333-8FDC-42A3-9474-1A3956D46DE8}") = "DTOs", "DTOs", "{284CF06A-681B-4BB0-B423-2BC1383C8504}"
EndProject
Project("{FAE04EC0-301F-11D3-BF4B-00C04F79EFBC}") = "NoticeBoardDtos", "NoticeBoardDtos\NoticeBoardDtos.csproj", "{A198A96B-E564-49F9-B086-43693B3AA591}"
EndProject
Project("{FAE04EC0-301F-11D3-BF4B-00C04F79EFBC}") = "NoticeBoardRestApi", "NoticeBoardRestApi\NoticeBoardRestApi.csproj", "{3611D1FF-039E-406F-B3FD-D2C7798991F5}"
EndProject
Project("{FAE04EC0-301F-11D3-BF4B-00C04F79EFBC}") = "NoticeBoardRestApi.Tests", "NoticeBoardRestApi.Tests\NoticeBoardRestApi.Tests.csproj", "{0DDB4BB8-9C40-4EE5-AAB9-966D96E9F173}"
EndProject
Project("{2150E333-8FDC-42A3-9474-1A3956D46DE8}") = "Abstraction", "Abstraction", "{A303B534-2D59-4D80-B533-A1AAA53CE529}"
EndProject
Project("{2150E333-8FDC-42A3-9474-1A3956D46DE8}") = "Implementation", "Implementation", "{56CBFEBB-A9C5-446B-AF67-B545CC6BA6F7}"
EndProject
Project("{FAE04EC0-301F-11D3-BF4B-00C04F79EFBC}") = "IUser", "IUserLogic\IUser.csproj", "{DEDE6EF0-CA2D-454D-8D80-E5C3939A4A8D}"
EndProject
Project("{FAE04EC0-301F-11D3-BF4B-00C04F79EFBC}") = "IEvents", "IEventsLogic\IEvents.csproj", "{04767B75-63B8-4DAD-BB0E-83EB122584BE}"
EndProject
Project("{FAE04EC0-301F-11D3-BF4B-00C04F79EFBC}") = "IMeetings", "IMeetings\IMeetings.csproj", "{92346538-6DED-410E-B7C3-BD23D37887D8}"
EndProject
Project("{FAE04EC0-301F-11D3-BF4B-00C04F79EFBC}") = "Events", "Events\Events.csproj", "{224A94E9-C793-402B-B678-EFFA7F34E52B}"
EndProject
Project("{FAE04EC0-301F-11D3-BF4B-00C04F79EFBC}") = "Meetings", "Meetings\Meetings.csproj", "{1E7204F4-C017-45CE-8965-F26F41616320}"
EndProject
Project("{FAE04EC0-301F-11D3-BF4B-00C04F79EFBC}") = "User", "User\User.csproj", "{255F5061-DFF4-43DA-AE89-5F7B78125B40}"
EndProject
Project("{FAE04EC0-301F-11D3-BF4B-00C04F79EFBC}") = "DataAccessLogic", "DataAccessLogic\DataAccessLogic.csproj", "{C2A871A6-87EC-491B-ADD5-F75CC8966DF5}"
EndProject
Project("{FAE04EC0-301F-11D3-BF4B-00C04F79EFBC}") = "ExtensionMethods", "ExtensionMethods\ExtensionMethods.csproj", "{7E477926-7FC9-47A6-9FD4-80146A922EAB}"
EndProject
Project("{2150E333-8FDC-42A3-9474-1A3956D46DE8}") = "Abstraction", "Abstraction", "{A31A9D82-EDD9-4C7E-8381-108A20630CC5}"
EndProject
Project("{FAE04EC0-301F-11D3-BF4B-00C04F79EFBC}") = "IDataAccessLogic", "IDataAccessLogic\IDataAccessLogic.csproj", "{503E49D3-0437-47C9-A247-024EEC5A4AA0}"
EndProject
Project("{2150E333-8FDC-42A3-9474-1A3956D46DE8}") = "Implementation", "Implementation", "{B858B6CD-2C52-4A88-9666-A9B91ABC7F4D}"
EndProject
Project("{2150E333-8FDC-42A3-9474-1A3956D46DE8}") = "Repository", "Repository", "{768D613D-C708-4B11-8460-F381066D5706}"
EndProject
Project("{2150E333-8FDC-42A3-9474-1A3956D46DE8}") = "DataBase", "DataBase", "{322D1DE7-B762-43CE-A05D-F88932754774}"
EndProject
Project("{00D1A9C2-B5F0-4AF3-8072-F6C62B433612}") = "NoticeBoard", "NoticeBoard\NoticeBoard.sqlproj", "{3E5580D8-875A-4B7B-8591-C03DA689A9C2}"
EndProject
Project("{2150E333-8FDC-42A3-9474-1A3956D46DE8}") = "ExtensionMethods", "ExtensionMethods", "{7651F53C-C5FF-4E1D-AEE2-D7C022CC8854}"
EndProject
Project("{2150E333-8FDC-42A3-9474-1A3956D46DE8}") = "Logging", "Logging", "{D0D09D49-6BB0-4454-AEF6-61A76F873E14}"
EndProject
Project("{FAE04EC0-301F-11D3-BF4B-00C04F79EFBC}") = "Logger", "Logger\Logger.csproj", "{D4ED2BA1-0DDD-4731-8597-C4B633FA7CCC}"
EndProject
Global
	GlobalSection(SolutionConfigurationPlatforms) = preSolution
		Debug|Any CPU = Debug|Any CPU
		Release|Any CPU = Release|Any CPU
	EndGlobalSection
	GlobalSection(ProjectConfigurationPlatforms) = postSolution
		{A198A96B-E564-49F9-B086-43693B3AA591}.Debug|Any CPU.ActiveCfg = Debug|Any CPU
		{A198A96B-E564-49F9-B086-43693B3AA591}.Debug|Any CPU.Build.0 = Debug|Any CPU
		{A198A96B-E564-49F9-B086-43693B3AA591}.Release|Any CPU.ActiveCfg = Release|Any CPU
		{A198A96B-E564-49F9-B086-43693B3AA591}.Release|Any CPU.Build.0 = Release|Any CPU
		{3611D1FF-039E-406F-B3FD-D2C7798991F5}.Debug|Any CPU.ActiveCfg = Debug|Any CPU
		{3611D1FF-039E-406F-B3FD-D2C7798991F5}.Debug|Any CPU.Build.0 = Debug|Any CPU
		{3611D1FF-039E-406F-B3FD-D2C7798991F5}.Release|Any CPU.ActiveCfg = Release|Any CPU
		{3611D1FF-039E-406F-B3FD-D2C7798991F5}.Release|Any CPU.Build.0 = Release|Any CPU
		{0DDB4BB8-9C40-4EE5-AAB9-966D96E9F173}.Debug|Any CPU.ActiveCfg = Debug|Any CPU
		{0DDB4BB8-9C40-4EE5-AAB9-966D96E9F173}.Debug|Any CPU.Build.0 = Debug|Any CPU
		{0DDB4BB8-9C40-4EE5-AAB9-966D96E9F173}.Release|Any CPU.ActiveCfg = Release|Any CPU
		{0DDB4BB8-9C40-4EE5-AAB9-966D96E9F173}.Release|Any CPU.Build.0 = Release|Any CPU
		{DEDE6EF0-CA2D-454D-8D80-E5C3939A4A8D}.Debug|Any CPU.ActiveCfg = Debug|Any CPU
		{DEDE6EF0-CA2D-454D-8D80-E5C3939A4A8D}.Debug|Any CPU.Build.0 = Debug|Any CPU
		{DEDE6EF0-CA2D-454D-8D80-E5C3939A4A8D}.Release|Any CPU.ActiveCfg = Release|Any CPU
		{DEDE6EF0-CA2D-454D-8D80-E5C3939A4A8D}.Release|Any CPU.Build.0 = Release|Any CPU
		{04767B75-63B8-4DAD-BB0E-83EB122584BE}.Debug|Any CPU.ActiveCfg = Debug|Any CPU
		{04767B75-63B8-4DAD-BB0E-83EB122584BE}.Debug|Any CPU.Build.0 = Debug|Any CPU
		{04767B75-63B8-4DAD-BB0E-83EB122584BE}.Release|Any CPU.ActiveCfg = Release|Any CPU
		{04767B75-63B8-4DAD-BB0E-83EB122584BE}.Release|Any CPU.Build.0 = Release|Any CPU
		{92346538-6DED-410E-B7C3-BD23D37887D8}.Debug|Any CPU.ActiveCfg = Debug|Any CPU
		{92346538-6DED-410E-B7C3-BD23D37887D8}.Debug|Any CPU.Build.0 = Debug|Any CPU
		{92346538-6DED-410E-B7C3-BD23D37887D8}.Release|Any CPU.ActiveCfg = Release|Any CPU
		{92346538-6DED-410E-B7C3-BD23D37887D8}.Release|Any CPU.Build.0 = Release|Any CPU
		{224A94E9-C793-402B-B678-EFFA7F34E52B}.Debug|Any CPU.ActiveCfg = Debug|Any CPU
		{224A94E9-C793-402B-B678-EFFA7F34E52B}.Debug|Any CPU.Build.0 = Debug|Any CPU
		{224A94E9-C793-402B-B678-EFFA7F34E52B}.Release|Any CPU.ActiveCfg = Release|Any CPU
		{224A94E9-C793-402B-B678-EFFA7F34E52B}.Release|Any CPU.Build.0 = Release|Any CPU
		{1E7204F4-C017-45CE-8965-F26F41616320}.Debug|Any CPU.ActiveCfg = Debug|Any CPU
		{1E7204F4-C017-45CE-8965-F26F41616320}.Debug|Any CPU.Build.0 = Debug|Any CPU
		{1E7204F4-C017-45CE-8965-F26F41616320}.Release|Any CPU.ActiveCfg = Release|Any CPU
		{1E7204F4-C017-45CE-8965-F26F41616320}.Release|Any CPU.Build.0 = Release|Any CPU
		{255F5061-DFF4-43DA-AE89-5F7B78125B40}.Debug|Any CPU.ActiveCfg = Debug|Any CPU
		{255F5061-DFF4-43DA-AE89-5F7B78125B40}.Debug|Any CPU.Build.0 = Debug|Any CPU
		{255F5061-DFF4-43DA-AE89-5F7B78125B40}.Release|Any CPU.ActiveCfg = Release|Any CPU
		{255F5061-DFF4-43DA-AE89-5F7B78125B40}.Release|Any CPU.Build.0 = Release|Any CPU
		{C2A871A6-87EC-491B-ADD5-F75CC8966DF5}.Debug|Any CPU.ActiveCfg = Debug|Any CPU
		{C2A871A6-87EC-491B-ADD5-F75CC8966DF5}.Debug|Any CPU.Build.0 = Debug|Any CPU
		{C2A871A6-87EC-491B-ADD5-F75CC8966DF5}.Release|Any CPU.ActiveCfg = Release|Any CPU
		{C2A871A6-87EC-491B-ADD5-F75CC8966DF5}.Release|Any CPU.Build.0 = Release|Any CPU
		{7E477926-7FC9-47A6-9FD4-80146A922EAB}.Debug|Any CPU.ActiveCfg = Debug|Any CPU
		{7E477926-7FC9-47A6-9FD4-80146A922EAB}.Debug|Any CPU.Build.0 = Debug|Any CPU
		{7E477926-7FC9-47A6-9FD4-80146A922EAB}.Release|Any CPU.ActiveCfg = Release|Any CPU
		{7E477926-7FC9-47A6-9FD4-80146A922EAB}.Release|Any CPU.Build.0 = Release|Any CPU
		{503E49D3-0437-47C9-A247-024EEC5A4AA0}.Debug|Any CPU.ActiveCfg = Debug|Any CPU
		{503E49D3-0437-47C9-A247-024EEC5A4AA0}.Debug|Any CPU.Build.0 = Debug|Any CPU
		{503E49D3-0437-47C9-A247-024EEC5A4AA0}.Release|Any CPU.ActiveCfg = Release|Any CPU
		{503E49D3-0437-47C9-A247-024EEC5A4AA0}.Release|Any CPU.Build.0 = Release|Any CPU
		{3E5580D8-875A-4B7B-8591-C03DA689A9C2}.Debug|Any CPU.ActiveCfg = Debug|Any CPU
		{3E5580D8-875A-4B7B-8591-C03DA689A9C2}.Debug|Any CPU.Build.0 = Debug|Any CPU
		{3E5580D8-875A-4B7B-8591-C03DA689A9C2}.Debug|Any CPU.Deploy.0 = Debug|Any CPU
		{3E5580D8-875A-4B7B-8591-C03DA689A9C2}.Release|Any CPU.ActiveCfg = Release|Any CPU
		{3E5580D8-875A-4B7B-8591-C03DA689A9C2}.Release|Any CPU.Build.0 = Release|Any CPU
		{3E5580D8-875A-4B7B-8591-C03DA689A9C2}.Release|Any CPU.Deploy.0 = Release|Any CPU
		{D4ED2BA1-0DDD-4731-8597-C4B633FA7CCC}.Debug|Any CPU.ActiveCfg = Debug|Any CPU
		{D4ED2BA1-0DDD-4731-8597-C4B633FA7CCC}.Debug|Any CPU.Build.0 = Debug|Any CPU
		{D4ED2BA1-0DDD-4731-8597-C4B633FA7CCC}.Release|Any CPU.ActiveCfg = Release|Any CPU
		{D4ED2BA1-0DDD-4731-8597-C4B633FA7CCC}.Release|Any CPU.Build.0 = Release|Any CPU
	EndGlobalSection
	GlobalSection(SolutionProperties) = preSolution
		HideSolutionNode = FALSE
	EndGlobalSection
	GlobalSection(NestedProjects) = preSolution
		{3611D1FF-039E-406F-B3FD-D2C7798991F5} = {F546058A-8295-4284-84A9-C158545EFEC8}
		{0DDB4BB8-9C40-4EE5-AAB9-966D96E9F173} = {F546058A-8295-4284-84A9-C158545EFEC8}
		{A303B534-2D59-4D80-B533-A1AAA53CE529} = {93D86A19-DFE8-4F31-9EE4-84BA95796D8E}
		{56CBFEBB-A9C5-446B-AF67-B545CC6BA6F7} = {93D86A19-DFE8-4F31-9EE4-84BA95796D8E}
		{B858B6CD-2C52-4A88-9666-A9B91ABC7F4D} = {D7F65358-64EE-4A46-AF39-A91CF3169116}
		{A31A9D82-EDD9-4C7E-8381-108A20630CC5} = {D7F65358-64EE-4A46-AF39-A91CF3169116}
		{284CF06A-681B-4BB0-B423-2BC1383C8504} = {382164D3-0894-4A01-BD2A-3CE31C6051D5}
		{7651F53C-C5FF-4E1D-AEE2-D7C022CC8854} = {382164D3-0894-4A01-BD2A-3CE31C6051D5}
		{D0D09D49-6BB0-4454-AEF6-61A76F873E14} = {382164D3-0894-4A01-BD2A-3CE31C6051D5}
		{A198A96B-E564-49F9-B086-43693B3AA591} = {284CF06A-681B-4BB0-B423-2BC1383C8504}
		{DEDE6EF0-CA2D-454D-8D80-E5C3939A4A8D} = {A303B534-2D59-4D80-B533-A1AAA53CE529}
		{04767B75-63B8-4DAD-BB0E-83EB122584BE} = {A303B534-2D59-4D80-B533-A1AAA53CE529}
		{92346538-6DED-410E-B7C3-BD23D37887D8} = {A303B534-2D59-4D80-B533-A1AAA53CE529}
		{224A94E9-C793-402B-B678-EFFA7F34E52B} = {56CBFEBB-A9C5-446B-AF67-B545CC6BA6F7}
		{1E7204F4-C017-45CE-8965-F26F41616320} = {56CBFEBB-A9C5-446B-AF67-B545CC6BA6F7}
		{255F5061-DFF4-43DA-AE89-5F7B78125B40} = {56CBFEBB-A9C5-446B-AF67-B545CC6BA6F7}
		{C2A871A6-87EC-491B-ADD5-F75CC8966DF5} = {B858B6CD-2C52-4A88-9666-A9B91ABC7F4D}
		{503E49D3-0437-47C9-A247-024EEC5A4AA0} = {A31A9D82-EDD9-4C7E-8381-108A20630CC5}
		{322D1DE7-B762-43CE-A05D-F88932754774} = {768D613D-C708-4B11-8460-F381066D5706}
		{3E5580D8-875A-4B7B-8591-C03DA689A9C2} = {322D1DE7-B762-43CE-A05D-F88932754774}
		{7E477926-7FC9-47A6-9FD4-80146A922EAB} = {7651F53C-C5FF-4E1D-AEE2-D7C022CC8854}
		{D4ED2BA1-0DDD-4731-8597-C4B633FA7CCC} = {D0D09D49-6BB0-4454-AEF6-61A76F873E14}
	EndGlobalSection
EndGlobal
